PODS:
  - AppAuth (1.6.0):
    - AppAuth/Core (= 1.6.0)
    - AppAuth/ExternalUserAgent (= 1.6.0)
  - AppAuth/Core (1.6.0)
  - AppAuth/ExternalUserAgent (1.6.0):
    - AppAuth/Core

DEPENDENCIES:
  - AppAuth

SPEC REPOS:
  trunk:
    - AppAuth

SPEC CHECKSUMS:
  AppAuth: 8fca6b5563a5baef2c04bee27538025e4ceb2add

PODFILE CHECKSUM: 40ca35f0b10e40476235f4fc9fcbbc94fa27699d

COCOAPODS: 1.12.1
